
Microsoft Visual Studio Solution File, Format Version 12.00
# Visual Studio Version 17
VisualStudioVersion = 17.2.32602.215
MinimumVisualStudioVersion = 10.0.40219.1
Project("{FAE04EC0-301F-11D3-BF4B-00C04F79EFBC}") = "DbSchemas", "DbSchemas\DbSchemas.csproj", "{CD136E6B-C426-4AA5-B6CB-C1289925F496}"
EndProject
Global
	GlobalSection(SolutionConfigurationPlatforms) = preSolution
		Debug|Any CPU = Debug|Any CPU
		Release|Any CPU = Release|Any CPU
	EndGlobalSection
	GlobalSection(ProjectConfigurationPlatforms) = postSolution
		{CD136E6B-C426-4AA5-B6CB-C1289925F496}.Debug|Any CPU.ActiveCfg = Debug|Any CPU
		{CD136E6B-C426-4AA5-B6CB-C1289925F496}.Debug|Any CPU.Build.0 = Debug|Any CPU
		{CD136E6B-C426-4AA5-B6CB-C1289925F496}.Release|Any CPU.ActiveCfg = Release|Any CPU
		{CD136E6B-C426-4AA5-B6CB-C1289925F496}.Release|Any CPU.Build.0 = Release|Any CPU
	EndGlobalSection
	GlobalSection(SolutionProperties) = preSolution
		HideSolutionNode = FALSE
	EndGlobalSection
	GlobalSection(ExtensibilityGlobals) = postSolution
		SolutionGuid = {117436FE-F7AE-40EA-AB74-62B1ABC0CF81}
	EndGlobalSection
EndGlobal
